// !$*UTF8*$!
{
	archiveVersion = 1;
	classes = {
	};
	objectVersion = 50;
	objects = {

/* Begin PBXBuildFile section */
		FF5D2CC820B2646D00C660D3 /* 309.TTF in Resources */ = {isa = PBXBuildFile; fileRef = FF5D2CC720B2646D00C660D3 /* 309.TTF */; };
		FF5D2CCB20B2686600C660D3 /* SKLabelNode+CreateLabel.m in Sources */ = {isa = PBXBuildFile; fileRef = FF5D2CCA20B2686600C660D3 /* SKLabelNode+CreateLabel.m */; };
		FF5D2CCE20B28A8F00C660D3 /* TitltNode.m in Sources */ = {isa = PBXBuildFile; fileRef = FF5D2CCD20B28A8F00C660D3 /* TitltNode.m */; };
		FF5D2CD120B28BC300C660D3 /* MeunScene.m in Sources */ = {isa = PBXBuildFile; fileRef = FF5D2CD020B28BC300C660D3 /* MeunScene.m */; };
		FF5D2CD720B2C1E900C660D3 /* LockKnifeNode.m in Sources */ = {isa = PBXBuildFile; fileRef = FF5D2CD620B2C1E900C660D3 /* LockKnifeNode.m */; };
		FF5D2CDA20B3A49300C660D3 /* GameTool.m in Sources */ = {isa = PBXBuildFile; fileRef = FF5D2CD920B3A49300C660D3 /* GameTool.m */; };
		FF5D2CDD20B409CB00C660D3 /* Checkpoint.m in Sources */ = {isa = PBXBuildFile; fileRef = FF5D2CDC20B409CB00C660D3 /* Checkpoint.m */; };
		FF5D2CE020B41DBE00C660D3 /* IndicatorNode.m in Sources */ = {isa = PBXBuildFile; fileRef = FF5D2CDF20B41DBE00C660D3 /* IndicatorNode.m */; };
		FF6D3D9B20A91F6100806197 /* Main.storyboard in Resources */ = {isa = PBXBuildFile; fileRef = FF6D3D9920A91F6100806197 /* Main.storyboard */; };
		FF6D3D9D20A91F6300806197 /* Assets.xcassets in Resources */ = {isa = PBXBuildFile; fileRef = FF6D3D9C20A91F6300806197 /* Assets.xcassets */; };
		FF6D3DA020A91F6300806197 /* LaunchScreen.storyboard in Resources */ = {isa = PBXBuildFile; fileRef = FF6D3D9E20A91F6300806197 /* LaunchScreen.storyboard */; };
		FF6D3DB120A9276100806197 /* KnifeNode.m in Sources */ = {isa = PBXBuildFile; fileRef = FF6D3DB020A9276100806197 /* KnifeNode.m */; };
		FF6D3DC620A965AD00806197 /* TreeringTurntable.m in Sources */ = {isa = PBXBuildFile; fileRef = FF6D3DC520A965AD00806197 /* TreeringTurntable.m */; };
		FF6D3DD220A9661500806197 /* GameViewController.m in Sources */ = {isa = PBXBuildFile; fileRef = FF6D3DCB20A9661500806197 /* GameViewController.m */; };
		FF6D3DD320A9661500806197 /* main.m in Sources */ = {isa = PBXBuildFile; fileRef = FF6D3DCC20A9661500806197 /* main.m */; };
		FF6D3DD420A9661500806197 /* AppDelegate.m in Sources */ = {isa = PBXBuildFile; fileRef = FF6D3DCD20A9661500806197 /* AppDelegate.m */; };
		FF6D3DD520A9661500806197 /* GameScene.m in Sources */ = {isa = PBXBuildFile; fileRef = FF6D3DD120A9661500806197 /* GameScene.m */; };
		FF6D3DD720A9662C00806197 /* AppleShooting.sks in Resources */ = {isa = PBXBuildFile; fileRef = FF6D3DD620A9662C00806197 /* AppleShooting.sks */; };
		FF6D3DDC20A9671100806197 /* Extern.m in Sources */ = {isa = PBXBuildFile; fileRef = FF6D3DDB20A9671100806197 /* Extern.m */; };
		FF963A1720AD55830025674C /* BackgroundNode.m in Sources */ = {isa = PBXBuildFile; fileRef = FF963A1620AD55830025674C /* BackgroundNode.m */; };
		FF963A1920AD629C0025674C /* TuckedIn.sks in Resources */ = {isa = PBXBuildFile; fileRef = FF963A1820AD629C0025674C /* TuckedIn.sks */; };
		FFA33E0820ABCA82009FAC2B /* TEMP.m in Sources */ = {isa = PBXBuildFile; fileRef = FFA33E0720ABCA82009FAC2B /* TEMP.m */; };
		FFB3165B20B516F000B49EAB /* BrokenNode.m in Sources */ = {isa = PBXBuildFile; fileRef = FFB3165A20B516F000B49EAB /* BrokenNode.m */; };
		FFB3166520B5540A00B49EAB /* KnifeBroken.sks in Resources */ = {isa = PBXBuildFile; fileRef = FFB3166320B5540A00B49EAB /* KnifeBroken.sks */; };
		FFB3166920B55E9100B49EAB /* AppleNode.m in Sources */ = {isa = PBXBuildFile; fileRef = FFB3166820B55E9100B49EAB /* AppleNode.m */; };
/* End PBXBuildFile section */

/* Begin PBXFileReference section */
		FF5D2CC720B2646D00C660D3 /* 309.TTF */ = {isa = PBXFileReference; lastKnownFileType = file; path = 309.TTF; sourceTree = "<group>"; };
		FF5D2CC920B2686600C660D3 /* SKLabelNode+CreateLabel.h */ = {isa = PBXFileReference; lastKnownFileType = sourcecode.c.h; path = "SKLabelNode+CreateLabel.h"; sourceTree = "<group>"; };
		FF5D2CCA20B2686600C660D3 /* SKLabelNode+CreateLabel.m */ = {isa = PBXFileReference; lastKnownFileType = sourcecode.c.objc; path = "SKLabelNode+CreateLabel.m"; sourceTree = "<group>"; };
		FF5D2CCC20B28A8F00C660D3 /* TitltNode.h */ = {isa = PBXFileReference; lastKnownFileType = sourcecode.c.h; path = TitltNode.h; sourceTree = "<group>"; };
		FF5D2CCD20B28A8F00C660D3 /* TitltNode.m */ = {isa = PBXFileReference; lastKnownFileType = sourcecode.c.objc; path = TitltNode.m; sourceTree = "<group>"; };
		FF5D2CCF20B28BC300C660D3 /* MeunScene.h */ = {isa = PBXFileReference; lastKnownFileType = sourcecode.c.h; path = MeunScene.h; sourceTree = "<group>"; };
		FF5D2CD020B28BC300C660D3 /* MeunScene.m */ = {isa = PBXFileReference; lastKnownFileType = sourcecode.c.objc; path = MeunScene.m; sourceTree = "<group>"; };
		FF5D2CD520B2C1E900C660D3 /* LockKnifeNode.h */ = {isa = PBXFileReference; lastKnownFileType = sourcecode.c.h; path = LockKnifeNode.h; sourceTree = "<group>"; };
		FF5D2CD620B2C1E900C660D3 /* LockKnifeNode.m */ = {isa = PBXFileReference; lastKnownFileType = sourcecode.c.objc; path = LockKnifeNode.m; sourceTree = "<group>"; };
		FF5D2CD820B3A49300C660D3 /* GameTool.h */ = {isa = PBXFileReference; lastKnownFileType = sourcecode.c.h; path = GameTool.h; sourceTree = "<group>"; };
		FF5D2CD920B3A49300C660D3 /* GameTool.m */ = {isa = PBXFileReference; lastKnownFileType = sourcecode.c.objc; path = GameTool.m; sourceTree = "<group>"; };
		FF5D2CDB20B409CB00C660D3 /* Checkpoint.h */ = {isa = PBXFileReference; lastKnownFileType = sourcecode.c.h; path = Checkpoint.h; sourceTree = "<group>"; };
		FF5D2CDC20B409CB00C660D3 /* Checkpoint.m */ = {isa = PBXFileReference; lastKnownFileType = sourcecode.c.objc; path = Checkpoint.m; sourceTree = "<group>"; };
		FF5D2CDE20B41DBE00C660D3 /* IndicatorNode.h */ = {isa = PBXFileReference; lastKnownFileType = sourcecode.c.h; path = IndicatorNode.h; sourceTree = "<group>"; };
		FF5D2CDF20B41DBE00C660D3 /* IndicatorNode.m */ = {isa = PBXFileReference; lastKnownFileType = sourcecode.c.objc; path = IndicatorNode.m; sourceTree = "<group>"; };
		FF6D3D8920A91F6100806197 /* DartsShooting.app */ = {isa = PBXFileReference; explicitFileType = wrapper.application; includeInIndex = 0; path = DartsShooting.app; sourceTree = BUILT_PRODUCTS_DIR; };
		FF6D3D9A20A91F6100806197 /* Base */ = {isa = PBXFileReference; lastKnownFileType = file.storyboard; name = Base; path = Base.lproj/Main.storyboard; sourceTree = "<group>"; };
		FF6D3D9C20A91F6300806197 /* Assets.xcassets */ = {isa = PBXFileReference; lastKnownFileType = folder.assetcatalog; path = Assets.xcassets; sourceTree = "<group>"; };
		FF6D3D9F20A91F6300806197 /* Base */ = {isa = PBXFileReference; lastKnownFileType = file.storyboard; name = Base; path = Base.lproj/LaunchScreen.storyboard; sourceTree = "<group>"; };
		FF6D3DA120A91F6300806197 /* Info.plist */ = {isa = PBXFileReference; lastKnownFileType = text.plist.xml; path = Info.plist; sourceTree = "<group>"; };
		FF6D3DAD20A9220200806197 /* PrefixHeader.pch */ = {isa = PBXFileReference; lastKnownFileType = sourcecode.c.h; path = PrefixHeader.pch; sourceTree = "<group>"; };
		FF6D3DAF20A9276100806197 /* KnifeNode.h */ = {isa = PBXFileReference; lastKnownFileType = sourcecode.c.h; path = KnifeNode.h; sourceTree = "<group>"; };
		FF6D3DB020A9276100806197 /* KnifeNode.m */ = {isa = PBXFileReference; lastKnownFileType = sourcecode.c.objc; path = KnifeNode.m; sourceTree = "<group>"; };
		FF6D3DC420A965AD00806197 /* TreeringTurntable.h */ = {isa = PBXFileReference; lastKnownFileType = sourcecode.c.h; path = TreeringTurntable.h; sourceTree = "<group>"; };
		FF6D3DC520A965AD00806197 /* TreeringTurntable.m */ = {isa = PBXFileReference; lastKnownFileType = sourcecode.c.objc; path = TreeringTurntable.m; sourceTree = "<group>"; };
		FF6D3DC920A9661500806197 /* AppDelegate.h */ = {isa = PBXFileReference; fileEncoding = 4; lastKnownFileType = sourcecode.c.h; path = AppDelegate.h; sourceTree = "<group>"; };
		FF6D3DCB20A9661500806197 /* GameViewController.m */ = {isa = PBXFileReference; fileEncoding = 4; lastKnownFileType = sourcecode.c.objc; path = GameViewController.m; sourceTree = "<group>"; };
		FF6D3DCC20A9661500806197 /* main.m */ = {isa = PBXFileReference; fileEncoding = 4; lastKnownFileType = sourcecode.c.objc; path = main.m; sourceTree = "<group>"; };
		FF6D3DCD20A9661500806197 /* AppDelegate.m */ = {isa = PBXFileReference; fileEncoding = 4; lastKnownFileType = sourcecode.c.objc; path = AppDelegate.m; sourceTree = "<group>"; };
		FF6D3DCE20A9661500806197 /* GameViewController.h */ = {isa = PBXFileReference; fileEncoding = 4; lastKnownFileType = sourcecode.c.h; path = GameViewController.h; sourceTree = "<group>"; };
		FF6D3DD020A9661500806197 /* GameScene.h */ = {isa = PBXFileReference; fileEncoding = 4; lastKnownFileType = sourcecode.c.h; path = GameScene.h; sourceTree = "<group>"; };
		FF6D3DD120A9661500806197 /* GameScene.m */ = {isa = PBXFileReference; fileEncoding = 4; lastKnownFileType = sourcecode.c.objc; path = GameScene.m; sourceTree = "<group>"; };
		FF6D3DD620A9662C00806197 /* AppleShooting.sks */ = {isa = PBXFileReference; lastKnownFileType = file.sks; path = AppleShooting.sks; sourceTree = "<group>"; };
		FF6D3DD920A9670000806197 /* Header.h */ = {isa = PBXFileReference; fileEncoding = 4; lastKnownFileType = sourcecode.c.h; path = Header.h; sourceTree = "<group>"; };
		FF6D3DDA20A9671100806197 /* Extern.h */ = {isa = PBXFileReference; lastKnownFileType = sourcecode.c.h; path = Extern.h; sourceTree = "<group>"; };
		FF6D3DDB20A9671100806197 /* Extern.m */ = {isa = PBXFileReference; lastKnownFileType = sourcecode.c.objc; path = Extern.m; sourceTree = "<group>"; };
		FF963A1520AD55830025674C /* BackgroundNode.h */ = {isa = PBXFileReference; lastKnownFileType = sourcecode.c.h; path = BackgroundNode.h; sourceTree = "<group>"; };
		FF963A1620AD55830025674C /* BackgroundNode.m */ = {isa = PBXFileReference; lastKnownFileType = sourcecode.c.objc; path = BackgroundNode.m; sourceTree = "<group>"; };
		FF963A1820AD629C0025674C /* TuckedIn.sks */ = {isa = PBXFileReference; lastKnownFileType = file.sks; path = TuckedIn.sks; sourceTree = "<group>"; };
		FFA33E0620ABCA82009FAC2B /* TEMP.h */ = {isa = PBXFileReference; lastKnownFileType = sourcecode.c.h; path = TEMP.h; sourceTree = "<group>"; };
		FFA33E0720ABCA82009FAC2B /* TEMP.m */ = {isa = PBXFileReference; lastKnownFileType = sourcecode.c.objc; path = TEMP.m; sourceTree = "<group>"; };
		FFB3165920B516F000B49EAB /* BrokenNode.h */ = {isa = PBXFileReference; lastKnownFileType = sourcecode.c.h; path = BrokenNode.h; sourceTree = "<group>"; };
		FFB3165A20B516F000B49EAB /* BrokenNode.m */ = {isa = PBXFileReference; lastKnownFileType = sourcecode.c.objc; path = BrokenNode.m; sourceTree = "<group>"; };
		FFB3166320B5540A00B49EAB /* KnifeBroken.sks */ = {isa = PBXFileReference; lastKnownFileType = file.sks; path = KnifeBroken.sks; sourceTree = "<group>"; };
		FFB3166720B55E9100B49EAB /* AppleNode.h */ = {isa = PBXFileReference; lastKnownFileType = sourcecode.c.h; path = AppleNode.h; sourceTree = "<group>"; };
		FFB3166820B55E9100B49EAB /* AppleNode.m */ = {isa = PBXFileReference; lastKnownFileType = sourcecode.c.objc; path = AppleNode.m; sourceTree = "<group>"; };
/* End PBXFileReference section */

/* Begin PBXFrameworksBuildPhase section */
		FF6D3D8620A91F6100806197 /* Frameworks */ = {
			isa = PBXFrameworksBuildPhase;
			buildActionMask = 2147483647;
			files = (
			);
			runOnlyForDeploymentPostprocessing = 0;
		};
/* End PBXFrameworksBuildPhase section */

/* Begin PBXGroup section */
		FF5D2CC620B2646D00C660D3 /* Resource */ = {
			isa = PBXGroup;
			children = (
				FF5D2CC720B2646D00C660D3 /* 309.TTF */,
			);
			path = Resource;
			sourceTree = "<group>";
		};
		FF6D3D8020A91F6100806197 = {
			isa = PBXGroup;
			children = (
				FF6D3D8B20A91F6100806197 /* DartsShooting */,
				FF6D3D8A20A91F6100806197 /* Products */,
			);
			sourceTree = "<group>";
		};
		FF6D3D8A20A91F6100806197 /* Products */ = {
			isa = PBXGroup;
			children = (
				FF6D3D8920A91F6100806197 /* DartsShooting.app */,
			);
			name = Products;
			sourceTree = "<group>";
		};
		FF6D3D8B20A91F6100806197 /* DartsShooting */ = {
			isa = PBXGroup;
			children = (
				FF6D3DAD20A9220200806197 /* PrefixHeader.pch */,
				FF5D2CC620B2646D00C660D3 /* Resource */,
				FF6D3DD820A9670000806197 /* Other */,
				FF6D3DC720A9661500806197 /* Emitter */,
				FF6D3DC820A9661500806197 /* Main */,
				FF6D3DCF20A9661500806197 /* Scene */,
				FF6D3DA920A9216700806197 /* Node */,
				FF6D3D9920A91F6100806197 /* Main.storyboard */,
				FF6D3D9C20A91F6300806197 /* Assets.xcassets */,
				FF6D3D9E20A91F6300806197 /* LaunchScreen.storyboard */,
				FF6D3DA120A91F6300806197 /* Info.plist */,
			);
			path = DartsShooting;
			sourceTree = "<group>";
		};
		FF6D3DA920A9216700806197 /* Node */ = {
			isa = PBXGroup;
			children = (
				FF6D3DAF20A9276100806197 /* KnifeNode.h */,
				FF6D3DB020A9276100806197 /* KnifeNode.m */,
				FF6D3DC420A965AD00806197 /* TreeringTurntable.h */,
				FF6D3DC520A965AD00806197 /* TreeringTurntable.m */,
				FF963A1520AD55830025674C /* BackgroundNode.h */,
				FF963A1620AD55830025674C /* BackgroundNode.m */,
				FF5D2CCC20B28A8F00C660D3 /* TitltNode.h */,
				FF5D2CCD20B28A8F00C660D3 /* TitltNode.m */,
				FF5D2CD520B2C1E900C660D3 /* LockKnifeNode.h */,
				FF5D2CD620B2C1E900C660D3 /* LockKnifeNode.m */,
				FF5D2CDE20B41DBE00C660D3 /* IndicatorNode.h */,
				FF5D2CDF20B41DBE00C660D3 /* IndicatorNode.m */,
				FFB3165920B516F000B49EAB /* BrokenNode.h */,
				FFB3165A20B516F000B49EAB /* BrokenNode.m */,
				FFB3166720B55E9100B49EAB /* AppleNode.h */,
				FFB3166820B55E9100B49EAB /* AppleNode.m */,
			);
			path = Node;
			sourceTree = "<group>";
		};
		FF6D3DC720A9661500806197 /* Emitter */ = {
			isa = PBXGroup;
			children = (
				FF6D3DD620A9662C00806197 /* AppleShooting.sks */,
				FF963A1820AD629C0025674C /* TuckedIn.sks */,
				FFB3166320B5540A00B49EAB /* KnifeBroken.sks */,
			);
			path = Emitter;
			sourceTree = "<group>";
		};
		FF6D3DC820A9661500806197 /* Main */ = {
			isa = PBXGroup;
			children = (
				FF6D3DCC20A9661500806197 /* main.m */,
				FF6D3DC920A9661500806197 /* AppDelegate.h */,
				FF6D3DCD20A9661500806197 /* AppDelegate.m */,
				FF6D3DCE20A9661500806197 /* GameViewController.h */,
				FF6D3DCB20A9661500806197 /* GameViewController.m */,
			);
			path = Main;
			sourceTree = "<group>";
		};
		FF6D3DCF20A9661500806197 /* Scene */ = {
			isa = PBXGroup;
			children = (
				FF5D2CCF20B28BC300C660D3 /* MeunScene.h */,
				FF5D2CD020B28BC300C660D3 /* MeunScene.m */,
				FF6D3DD020A9661500806197 /* GameScene.h */,
				FF6D3DD120A9661500806197 /* GameScene.m */,
				FFA33E0620ABCA82009FAC2B /* TEMP.h */,
				FFA33E0720ABCA82009FAC2B /* TEMP.m */,
			);
			path = Scene;
			sourceTree = "<group>";
		};
		FF6D3DD820A9670000806197 /* Other */ = {
			isa = PBXGroup;
			children = (
				FF6D3DD920A9670000806197 /* Header.h */,
				FF6D3DDA20A9671100806197 /* Extern.h */,
				FF6D3DDB20A9671100806197 /* Extern.m */,
				FF5D2CC920B2686600C660D3 /* SKLabelNode+CreateLabel.h */,
				FF5D2CCA20B2686600C660D3 /* SKLabelNode+CreateLabel.m */,
				FF5D2CD820B3A49300C660D3 /* GameTool.h */,
				FF5D2CD920B3A49300C660D3 /* GameTool.m */,
				FF5D2CDB20B409CB00C660D3 /* Checkpoint.h */,
				FF5D2CDC20B409CB00C660D3 /* Checkpoint.m */,
			);
			path = Other;
			sourceTree = "<group>";
		};
/* End PBXGroup section */

/* Begin PBXNativeTarget section */
		FF6D3D8820A91F6100806197 /* DartsShooting */ = {
			isa = PBXNativeTarget;
			buildConfigurationList = FF6D3DA620A91F6300806197 /* Build configuration list for PBXNativeTarget "DartsShooting" */;
			buildPhases = (
				FF6D3D8520A91F6100806197 /* Sources */,
				FF6D3D8620A91F6100806197 /* Frameworks */,
				FF6D3D8720A91F6100806197 /* Resources */,
			);
			buildRules = (
			);
			dependencies = (
			);
			name = DartsShooting;
			productName = DartsShooting;
			productReference = FF6D3D8920A91F6100806197 /* DartsShooting.app */;
			productType = "com.apple.product-type.application";
		};
/* End PBXNativeTarget section */

/* Begin PBXProject section */
		FF6D3D8120A91F6100806197 /* Project object */ = {
			isa = PBXProject;
			attributes = {
				LastUpgradeCheck = 0930;
				ORGANIZATIONNAME = MG;
				TargetAttributes = {
					FF6D3D8820A91F6100806197 = {
						CreatedOnToolsVersion = 9.3.1;
					};
				};
			};
			buildConfigurationList = FF6D3D8420A91F6100806197 /* Build configuration list for PBXProject "DartsShooting" */;
			compatibilityVersion = "Xcode 9.3";
			developmentRegion = en;
			hasScannedForEncodings = 0;
			knownRegions = (
				en,
				Base,
			);
			mainGroup = FF6D3D8020A91F6100806197;
			productRefGroup = FF6D3D8A20A91F6100806197 /* Products */;
			projectDirPath = "";
			projectRoot = "";
			targets = (
				FF6D3D8820A91F6100806197 /* DartsShooting */,
			);
		};
/* End PBXProject section */

/* Begin PBXResourcesBuildPhase section */
		FF6D3D8720A91F6100806197 /* Resources */ = {
			isa = PBXResourcesBuildPhase;
			buildActionMask = 2147483647;
			files = (
				FF6D3D9B20A91F6100806197 /* Main.storyboard in Resources */,
				FFB3166520B5540A00B49EAB /* KnifeBroken.sks in Resources */,
				FF6D3DD720A9662C00806197 /* AppleShooting.sks in Resources */,
				FF6D3D9D20A91F6300806197 /* Assets.xcassets in Resources */,
				FF5D2CC820B2646D00C660D3 /* 309.TTF in Resources */,
				FF6D3DA020A91F6300806197 /* LaunchScreen.storyboard in Resources */,
				FF963A1920AD629C0025674C /* TuckedIn.sks in Resources */,
			);
			runOnlyForDeploymentPostprocessing = 0;
		};
/* End PBXResourcesBuildPhase section */

/* Begin PBXSourcesBuildPhase section */
		FF6D3D8520A91F6100806197 /* Sources */ = {
			isa = PBXSourcesBuildPhase;
			buildActionMask = 2147483647;
			files = (
				FF6D3DD320A9661500806197 /* main.m in Sources */,
				FFB3165B20B516F000B49EAB /* BrokenNode.m in Sources */,
				FF6D3DDC20A9671100806197 /* Extern.m in Sources */,
				FF6D3DD220A9661500806197 /* GameViewController.m in Sources */,
				FF5D2CCB20B2686600C660D3 /* SKLabelNode+CreateLabel.m in Sources */,
				FF5D2CD720B2C1E900C660D3 /* LockKnifeNode.m in Sources */,
				FFB3166920B55E9100B49EAB /* AppleNode.m in Sources */,
				FF6D3DD420A9661500806197 /* AppDelegate.m in Sources */,
				FFA33E0820ABCA82009FAC2B /* TEMP.m in Sources */,
				FF5D2CDD20B409CB00C660D3 /* Checkpoint.m in Sources */,
				FF6D3DD520A9661500806197 /* GameScene.m in Sources */,
				FF963A1720AD55830025674C /* BackgroundNode.m in Sources */,
				FF5D2CDA20B3A49300C660D3 /* GameTool.m in Sources */,
				FF6D3DC620A965AD00806197 /* TreeringTurntable.m in Sources */,
				FF5D2CD120B28BC300C660D3 /* MeunScene.m in Sources */,
				FF5D2CE020B41DBE00C660D3 /* IndicatorNode.m in Sources */,
				FF6D3DB120A9276100806197 /* KnifeNode.m in Sources */,
				FF5D2CCE20B28A8F00C660D3 /* TitltNode.m in Sources */,
			);
			runOnlyForDeploymentPostprocessing = 0;
		};
/* End PBXSourcesBuildPhase section */

/* Begin PBXVariantGroup section */
		FF6D3D9920A91F6100806197 /* Main.storyboard */ = {
			isa = PBXVariantGroup;
			children = (
				FF6D3D9A20A91F6100806197 /* Base */,
			);
			name = Main.storyboard;
			sourceTree = "<group>";
		};
		FF6D3D9E20A91F6300806197 /* LaunchScreen.storyboard */ = {
			isa = PBXVariantGroup;
			children = (
				FF6D3D9F20A91F6300806197 /* Base */,
			);
			name = LaunchScreen.storyboard;
			sourceTree = "<group>";
		};
/* End PBXVariantGroup section */

/* Begin XCBuildConfiguration section */
		FF6D3DA420A91F6300806197 /* Debug */ = {
			isa = XCBuildConfiguration;
			buildSettings = {
				ALWAYS_SEARCH_USER_PATHS = NO;
				CLANG_ANALYZER_NONNULL = YES;
				CLANG_ANALYZER_NUMBER_OBJECT_CONVERSION = YES_AGGRESSIVE;
				CLANG_CXX_LANGUAGE_STANDARD = "gnu++14";
				CLANG_CXX_LIBRARY = "libc++";
				CLANG_ENABLE_MODULES = YES;
				CLANG_ENABLE_OBJC_ARC = YES;
				CLANG_ENABLE_OBJC_WEAK = YES;
				CLANG_WARN_BLOCK_CAPTURE_AUTORELEASING = YES;
				CLANG_WARN_BOOL_CONVERSION = YES;
				CLANG_WARN_COMMA = YES;
				CLANG_WARN_CONSTANT_CONVERSION = YES;
				CLANG_WARN_DEPRECATED_OBJC_IMPLEMENTATIONS = YES;
				CLANG_WARN_DIRECT_OBJC_ISA_USAGE = YES_ERROR;
				CLANG_WARN_DOCUMENTATION_COMMENTS = YES;
				CLANG_WARN_EMPTY_BODY = YES;
				CLANG_WARN_ENUM_CONVERSION = YES;
				CLANG_WARN_INFINITE_RECURSION = YES;
				CLANG_WARN_INT_CONVERSION = YES;
				CLANG_WARN_NON_LITERAL_NULL_CONVERSION = YES;
				CLANG_WARN_OBJC_IMPLICIT_RETAIN_SELF = YES;
				CLANG_WARN_OBJC_LITERAL_CONVERSION = YES;
				CLANG_WARN_OBJC_ROOT_CLASS = YES_ERROR;
				CLANG_WARN_RANGE_LOOP_ANALYSIS = YES;
				CLANG_WARN_STRICT_PROTOTYPES = YES;
				CLANG_WARN_SUSPICIOUS_MOVE = YES;
				CLANG_WARN_UNGUARDED_AVAILABILITY = YES_AGGRESSIVE;
				CLANG_WARN_UNREACHABLE_CODE = YES;
				CLANG_WARN__DUPLICATE_METHOD_MATCH = YES;
				CODE_SIGN_IDENTITY = "iPhone Developer";
				COPY_PHASE_STRIP = NO;
				DEBUG_INFORMATION_FORMAT = dwarf;
				ENABLE_STRICT_OBJC_MSGSEND = YES;
				ENABLE_TESTABILITY = YES;
				GCC_C_LANGUAGE_STANDARD = gnu11;
				GCC_DYNAMIC_NO_PIC = NO;
				GCC_NO_COMMON_BLOCKS = YES;
				GCC_OPTIMIZATION_LEVEL = 0;
				GCC_PREPROCESSOR_DEFINITIONS = (
					"DEBUG=1",
					"$(inherited)",
				);
				GCC_WARN_64_TO_32_BIT_CONVERSION = YES;
				GCC_WARN_ABOUT_RETURN_TYPE = YES_ERROR;
				GCC_WARN_UNDECLARED_SELECTOR = YES;
				GCC_WARN_UNINITIALIZED_AUTOS = YES_AGGRESSIVE;
				GCC_WARN_UNUSED_FUNCTION = YES;
				GCC_WARN_UNUSED_VARIABLE = YES;
				IPHONEOS_DEPLOYMENT_TARGET = 11.3;
				MTL_ENABLE_DEBUG_INFO = YES;
				ONLY_ACTIVE_ARCH = YES;
				SDKROOT = iphoneos;
			};
			name = Debug;
		};
		FF6D3DA520A91F6300806197 /* Release */ = {
			isa = XCBuildConfiguration;
			buildSettings = {
				ALWAYS_SEARCH_USER_PATHS = NO;
				CLANG_ANALYZER_NONNULL = YES;
				CLANG_ANALYZER_NUMBER_OBJECT_CONVERSION = YES_AGGRESSIVE;
				CLANG_CXX_LANGUAGE_STANDARD = "gnu++14";
				CLANG_CXX_LIBRARY = "libc++";
				CLANG_ENABLE_MODULES = YES;
				CLANG_ENABLE_OBJC_ARC = YES;
				CLANG_ENABLE_OBJC_WEAK = YES;
				CLANG_WARN_BLOCK_CAPTURE_AUTORELEASING = YES;
				CLANG_WARN_BOOL_CONVERSION = YES;
				CLANG_WARN_COMMA = YES;
				CLANG_WARN_CONSTANT_CONVERSION = YES;
				CLANG_WARN_DEPRECATED_OBJC_IMPLEMENTATIONS = YES;
				CLANG_WARN_DIRECT_OBJC_ISA_USAGE = YES_ERROR;
				CLANG_WARN_DOCUMENTATION_COMMENTS = YES;
				CLANG_WARN_EMPTY_BODY = YES;
				CLANG_WARN_ENUM_CONVERSION = YES;
				CLANG_WARN_INFINITE_RECURSION = YES;
				CLANG_WARN_INT_CONVERSION = YES;
				CLANG_WARN_NON_LITERAL_NULL_CONVERSION = YES;
				CLANG_WARN_OBJC_IMPLICIT_RETAIN_SELF = YES;
				CLANG_WARN_OBJC_LITERAL_CONVERSION = YES;
				CLANG_WARN_OBJC_ROOT_CLASS = YES_ERROR;
				CLANG_WARN_RANGE_LOOP_ANALYSIS = YES;
				CLANG_WARN_STRICT_PROTOTYPES = YES;
				CLANG_WARN_SUSPICIOUS_MOVE = YES;
				CLANG_WARN_UNGUARDED_AVAILABILITY = YES_AGGRESSIVE;
				CLANG_WARN_UNREACHABLE_CODE = YES;
				CLANG_WARN__DUPLICATE_METHOD_MATCH = YES;
				CODE_SIGN_IDENTITY = "iPhone Developer";
				COPY_PHASE_STRIP = NO;
				DEBUG_INFORMATION_FORMAT = "dwarf-with-dsym";
				ENABLE_NS_ASSERTIONS = NO;
				ENABLE_STRICT_OBJC_MSGSEND = YES;
				GCC_C_LANGUAGE_STANDARD = gnu11;
				GCC_NO_COMMON_BLOCKS = YES;
				GCC_WARN_64_TO_32_BIT_CONVERSION = YES;
				GCC_WARN_ABOUT_RETURN_TYPE = YES_ERROR;
				GCC_WARN_UNDECLARED_SELECTOR = YES;
				GCC_WARN_UNINITIALIZED_AUTOS = YES_AGGRESSIVE;
				GCC_WARN_UNUSED_FUNCTION = YES;
				GCC_WARN_UNUSED_VARIABLE = YES;
				IPHONEOS_DEPLOYMENT_TARGET = 11.3;
				MTL_ENABLE_DEBUG_INFO = NO;
				SDKROOT = iphoneos;
				VALIDATE_PRODUCT = YES;
			};
			name = Release;
		};
		FF6D3DA720A91F6300806197 /* Debug */ = {
			isa = XCBuildConfiguration;
			buildSettings = {
				ASSETCATALOG_COMPILER_APPICON_NAME = AppIcon;
				CODE_SIGN_STYLE = Automatic;
				DEVELOPMENT_TEAM = S6CJM39YGK;
				GCC_PREFIX_HEADER = "$(SRCROOT)/DartsShooting/PrefixHeader.pch";
				INFOPLIST_FILE = DartsShooting/Info.plist;
				IPHONEOS_DEPLOYMENT_TARGET = 9.0;
				LD_RUNPATH_SEARCH_PATHS = (
					"$(inherited)",
					"@executable_path/Frameworks",
				);
				PRODUCT_BUNDLE_IDENTIFIER = com.moxidevb.test;
				PRODUCT_NAME = "$(TARGET_NAME)";
				TARGETED_DEVICE_FAMILY = 1;
			};
			name = Debug;
		};
		FF6D3DA820A91F6300806197 /* Release */ = {
			isa = XCBuildConfiguration;
			buildSettings = {
				ASSETCATALOG_COMPILER_APPICON_NAME = AppIcon;
				CODE_SIGN_STYLE = Automatic;
				DEVELOPMENT_TEAM = S6CJM39YGK;
				GCC_PREFIX_HEADER = "$(SRCROOT)/DartsShooting/PrefixHeader.pch";
				INFOPLIST_FILE = DartsShooting/Info.plist;
				IPHONEOS_DEPLOYMENT_TARGET = 9.0;
				LD_RUNPATH_SEARCH_PATHS = (
					"$(inherited)",
					"@executable_path/Frameworks",
				);
				PRODUCT_BUNDLE_IDENTIFIER = com.moxidevb.test;
				PRODUCT_NAME = "$(TARGET_NAME)";
				TARGETED_DEVICE_FAMILY = 1;
			};
			name = Release;
		};
/* End XCBuildConfiguration section */

/* Begin XCConfigurationList section */
		FF6D3D8420A91F6100806197 /* Build configuration list for PBXProject "DartsShooting" */ = {
			isa = XCConfigurationList;
			buildConfigurations = (
				FF6D3DA420A91F6300806197 /* Debug */,
				FF6D3DA520A91F6300806197 /* Release */,
			);
			defaultConfigurationIsVisible = 0;
			defaultConfigurationName = Release;
		};
		FF6D3DA620A91F6300806197 /* Build configuration list for PBXNativeTarget "DartsShooting" */ = {
			isa = XCConfigurationList;
			buildConfigurations = (
				FF6D3DA720A91F6300806197 /* Debug */,
				FF6D3DA820A91F6300806197 /* Release */,
			);
			defaultConfigurationIsVisible = 0;
			defaultConfigurationName = Release;
		};
/* End XCConfigurationList section */
	};
	rootObject = FF6D3D8120A91F6100806197 /* Project object */;
}
